{
  "name": "responsive-website-html-css",
  "lockfileVersion": 3,
  "requires": true,
  "packages": {
    "": {
      "dependencies": {
        "icons": "^1.0.0",
        "recat": "^0.0.0"
      }
    },
    "node_modules/icons": {
      "version": "1.0.0",
      "resolved": "https://registry.npmjs.org/icons/-/icons-1.0.0.tgz",
      "integrity": "sha512-7POum3AHKovjEEXg4ITL2opTzGjnN2UnUIhv5LsUX+SjKBsFMjRyANShrCubt0KQdNdcX2wAym+JXOt6LceuYA==",
      "deprecated": "Package no longer supported. Contact support@npmjs.com for more info."
    },
    "node_modules/recat": {
      "version": "0.0.0",
      "resolved": "https://registry.npmjs.org/recat/-/recat-0.0.0.tgz",
      "integrity": "sha512-IVM9ZQQWAm15ZB9jDI9/KkmAIxoFZ7SdO9JR08DYi9CMIeJjdBYSpt0f2S/SkMAfArEG5O07bw7740UR27khKg=="
    }
  }
}
